// !$*UTF8*$!
{
	archiveVersion = 1;
	classes = {
	};
	objectVersion = 46;
	objects = {
/* Begin PBXBuildFile section */
		02025364D1964920AD24435D /* WorkerLocation.swift in Sources */ = {isa = PBXBuildFile; fileRef = 0AA3FFBF07AA4FDE976F148D /* WorkerLocation.swift */; };
		0207DA581B56EA530066E2B4 /* Images.xcassets in Resources */ = {isa = PBXBuildFile; fileRef = 0207DA571B56EA530066E2B4 /* Images.xcassets */; };
		0BCC67CFB5234457B7F93480 /* SwiftyJSON.swift in Sources */ = {isa = PBXBuildFile; fileRef = 2F5E3CA9669C41349F61C683 /* SwiftyJSON.swift */; };
		0C6EFB83C23E4DC79EA266C0 /* WCMessagePort.swift in Sources */ = {isa = PBXBuildFile; fileRef = DBF87AA894254BFB90E8438B /* WCMessagePort.swift */; };
		0ECCFBA06E154E6AB8C0560F /* SmartWatchWorker.swift in Sources */ = {isa = PBXBuildFile; fileRef = 0F2D8EA6EC1B4E2D85CC1172 /* SmartWatchWorker.swift */; };
		116ED12B0901442B97923246 /* MessageChannel.js in Resources */ = {isa = PBXBuildFile; fileRef = 73A09CB046644C5A93F8780B /* MessageChannel.js */; };
		134B019F320845A8B2D7F9A7 /* EventListener.swift in Sources */ = {isa = PBXBuildFile; fileRef = 8EDE0C52902C49B59089EF27 /* EventListener.swift */; };
		167F6D6A511C4A8A94BCB3C2 /* ScriptContextGlobal.swift in Sources */ = {isa = PBXBuildFile; fileRef = 3CB99A41B79C43DBAED6C88E /* ScriptContextGlobal.swift */; };
		169C44CD6287430F993BC530 /* Queue.js in Resources */ = {isa = PBXBuildFile; fileRef = 7604751F89C8438D967F5C7D /* Queue.js */; };
		1AAB41C59E2142088175891A /* Event.swift in Sources */ = {isa = PBXBuildFile; fileRef = 3A31B5A0E1404A5EB32E4E8A /* Event.swift */; };
		1D0ABC9169A543C9917D9C0D /* MessageEventInit.swift in Sources */ = {isa = PBXBuildFile; fileRef = 01E5F39B977B4928A45053F5 /* MessageEventInit.swift */; };
		1D3623260D0F684500981E51 /* AppDelegate.m in Sources */ = {isa = PBXBuildFile; fileRef = 1D3623250D0F684500981E51 /* AppDelegate.m */; };
		1D60589B0D05DD56006BFB54 /* main.m in Sources */ = {isa = PBXBuildFile; fileRef = 29B97316FDCFA39411CA2CEA /* main.m */; };
		1DC6988A2AB440EEBEB2EB1A /* WorkerLocation.js in Resources */ = {isa = PBXBuildFile; fileRef = 973FC247DD6A44FAA7D0E60C /* WorkerLocation.js */; };
		248BD9A2E020443ABDF68D62 /* InsideWatchWorker.js in Resources */ = {isa = PBXBuildFile; fileRef = 9E83BCB029084045AC347475 /* InsideWatchWorker.js */; };
		24A1712769614096B0F37E98 /* XMLHttpRequest.js in Resources */ = {isa = PBXBuildFile; fileRef = BDDF2515D73743C9881A3D0E /* XMLHttpRequest.js */; };
		25D8C48B678B4FABBCE34551 /* WorkerNavigator.js in Resources */ = {isa = PBXBuildFile; fileRef = DA484AEC425E4C8D9119E6AB /* WorkerNavigator.js */; };
		2B51DBE644BA4933BCB372EC /* Queue.swift in Sources */ = {isa = PBXBuildFile; fileRef = 8E11EAE39025425EA58E9A16 /* Queue.swift */; };
		2FDB8A8769654FC8BA17650F /* SwiftyJSONExtension.swift in Sources */ = {isa = PBXBuildFile; fileRef = 698A1324B62B42748A9841B1 /* SwiftyJSONExtension.swift */; };
		301BF552109A68D80062928A /* libCordova.a in Frameworks */ = {isa = PBXBuildFile; fileRef = 301BF535109A57CC0062928A /* libCordova.a */; };
		302D95F114D2391D003F00A1 /* MainViewController.m in Sources */ = {isa = PBXBuildFile; fileRef = 302D95EF14D2391D003F00A1 /* MainViewController.m */; };
		302D95F214D2391D003F00A1 /* MainViewController.xib in Resources */ = {isa = PBXBuildFile; fileRef = 302D95F014D2391D003F00A1 /* MainViewController.xib */; };
		3047A5121AB8059700498E2A /* build-debug.xcconfig in Resources */ = {isa = PBXBuildFile; fileRef = 3047A50F1AB8059700498E2A /* build-debug.xcconfig */; };
		3047A5131AB8059700498E2A /* build-release.xcconfig in Resources */ = {isa = PBXBuildFile; fileRef = 3047A5101AB8059700498E2A /* build-release.xcconfig */; };
		3047A5141AB8059700498E2A /* build.xcconfig in Resources */ = {isa = PBXBuildFile; fileRef = 3047A5111AB8059700498E2A /* build.xcconfig */; };
		3A08BCDE772B4E1F82127344 /* Stack.swift in Sources */ = {isa = PBXBuildFile; fileRef = D4D4178885E9472E90449E38 /* Stack.swift */; };
		3C5F66E063FC44468BC05B46 /* WorkerNavigator.swift in Sources */ = {isa = PBXBuildFile; fileRef = 481F80088664476C9C338712 /* WorkerNavigator.swift */; };
		3D115301F47E48A88A700E22 /* Polyfills.js in Resources */ = {isa = PBXBuildFile; fileRef = B4B08B47ED2A400F8DF71DB7 /* Polyfills.js */; };
		3E397255EF0F47128B990B12 /* SwiftyJSONRPC.swift in Sources */ = {isa = PBXBuildFile; fileRef = 27A2FB4C51504A8FB23CD28D /* SwiftyJSONRPC.swift */; };
		40E821FB1BF14ADE89421032 /* Element.js in Resources */ = {isa = PBXBuildFile; fileRef = 83A6A866596344E89A10007A /* Element.js */; };
		436DC6A0BCDA4391BD43325D /* MessagePort.swift in Sources */ = {isa = PBXBuildFile; fileRef = B28779A4BC5B4C1398900297 /* MessagePort.swift */; };
		460D847445B143F09E998D07 /* WCMessagePort.js in Resources */ = {isa = PBXBuildFile; fileRef = 501B0E5691974B44A63FEE92 /* WCMessagePort.js */; };
		48004839E44042D5BD22C531 /* DOMAPIs.js in Resources */ = {isa = PBXBuildFile; fileRef = B6389C130FCF4A92AB5A3745 /* DOMAPIs.js */; };
		511AC57D12364A0EA0CEBBB8 /* WCSharedWorker.js in Resources */ = {isa = PBXBuildFile; fileRef = 2749C05FD3134F5F84A48684 /* WCSharedWorker.js */; };
		53310FA8D80A4E1FB5DDA575 /* SharedWorker.js in Resources */ = {isa = PBXBuildFile; fileRef = A1F710058A684D469AA84BFE /* SharedWorker.js */; };
		5935EE704A384A17A98E208C /* Event.js in Resources */ = {isa = PBXBuildFile; fileRef = 0ECF85C0362940FC96D27607 /* Event.js */; };
		5B7095C6DF414FF6BA722000 /* ScriptContextJSExport.swift in Sources */ = {isa = PBXBuildFile; fileRef = 865BF44F5AC343EC9B068919 /* ScriptContextJSExport.swift */; };
		5C5DC4FA95034AA896195702 /* EventListenerOptions.swift in Sources */ = {isa = PBXBuildFile; fileRef = 2F34746EB28A4F6F971A0412 /* EventListenerOptions.swift */; };
		5C7C4D19F4E34A5EB78113C8 /* DOMTokenList.js in Resources */ = {isa = PBXBuildFile; fileRef = 8E91F768E6D242818997E0A4 /* DOMTokenList.js */; };
		617C864084C747CE9B7348A3 /* MessageEvent.js in Resources */ = {isa = PBXBuildFile; fileRef = 4F579CF835214EB89AA7F392 /* MessageEvent.js */; };
		6B6897D8E1564A7C8061B1FF /* MessageAPIs.js in Resources */ = {isa = PBXBuildFile; fileRef = 67B09999C1F34E2FB32950C6 /* MessageAPIs.js */; };
		70A2B8CEBBDE4DB592AEF497 /* JSClassDelegate.js in Resources */ = {isa = PBXBuildFile; fileRef = 5AC3AE4203AB46689C16A601 /* JSClassDelegate.js */; };
		7C67E441331C4BC49EE9832A /* JSClassDelegate.swift in Sources */ = {isa = PBXBuildFile; fileRef = 1C3EF6006FA84C2EAA3D5888 /* JSClassDelegate.swift */; };
		7FA512ED2F674857A9540B0C /* SharedWorker.swift in Sources */ = {isa = PBXBuildFile; fileRef = C29B99C38390467580248E06 /* SharedWorker.swift */; };
		83CA246357CA4CE896F7D763 /* es6-promise.js in Resources */ = {isa = PBXBuildFile; fileRef = 6EEA28C235B24130812A9AEF /* es6-promise.js */; };
		8716D2C4233441A1BC9E2501 /* ScriptContext.swift in Sources */ = {isa = PBXBuildFile; fileRef = 3031332B86864FC1B48913C2 /* ScriptContext.swift */; };
		88FC81DEC4E84389B9B32DD4 /* ScriptContextMessaging.swift in Sources */ = {isa = PBXBuildFile; fileRef = 27F4F3ED15724FE69D06CC32 /* ScriptContextMessaging.swift */; };
		8B5DA222951F4591AF072D41 /* AbstractWorker.swift in Sources */ = {isa = PBXBuildFile; fileRef = 980CFD35A5404371821E78D4 /* AbstractWorker.swift */; };
		8BE52F9ACB624A7AAE08B053 /* WorkerOptions.swift in Sources */ = {isa = PBXBuildFile; fileRef = ADE5E8F24562454DA4DAA78E /* WorkerOptions.swift */; };
		8C3EB80BDF644CA685170F91 /* WorkerAPIs.js in Resources */ = {isa = PBXBuildFile; fileRef = A55349C8D4D3442ABF27A8EA /* WorkerAPIs.js */; };
		91B4E6C1410E412ABEFD4B02 /* OutsideWatchWorker.js in Resources */ = {isa = PBXBuildFile; fileRef = B14B99DBD9E549968E1A1D47 /* OutsideWatchWorker.js */; };
		993439194FBB47D390BD8948 /* EventTarget.swift in Sources */ = {isa = PBXBuildFile; fileRef = 9165E5AE1C164D42B0F1BBD3 /* EventTarget.swift */; };
		9B8A26C990244DBAA21F7C83 /* Document.js in Resources */ = {isa = PBXBuildFile; fileRef = 5DF6C7D06FB84D76A670E815 /* Document.js */; };
		A3DBFC6194644A5A820B7021 /* HTMLElement.js in Resources */ = {isa = PBXBuildFile; fileRef = 3FDE85E557B64D9E9BCB4507 /* HTMLElement.js */; };
		A7AAFA4C248D4588BC1C0C78 /* WCMessageChannel.swift in Sources */ = {isa = PBXBuildFile; fileRef = 65BA0858821C4770B43E9870 /* WCMessageChannel.swift */; };
		AB193C8B5E444D2B8283C13F /* ErrorEventInit.swift in Sources */ = {isa = PBXBuildFile; fileRef = B4DBFDC881DD4DF08BA657CF /* ErrorEventInit.swift */; };
		AC11EFBF0BB1422F8957C118 /* OtherPolyfills.js in Resources */ = {isa = PBXBuildFile; fileRef = E8AA325D0BFA4F798E520436 /* OtherPolyfills.js */; };
		AEA60D177EA740E0BFC6D7B6 /* WCMessageChannel.js in Resources */ = {isa = PBXBuildFile; fileRef = 1C061399702F4160B511B373 /* WCMessageChannel.js */; };
		AF65C2AD3BB147B88420AA88 /* Stack.js in Resources */ = {isa = PBXBuildFile; fileRef = 15B8C399D8FA42B286294355 /* Stack.js */; };
		B0C3D9A69671481096F9B95F /* WCSharedWorker.swift in Sources */ = {isa = PBXBuildFile; fileRef = AD8ABC4AFEC14A35B7AF5778 /* WCSharedWorker.swift */; };
		B6B15711873C4528ACDD942C /* EventTarget.js in Resources */ = {isa = PBXBuildFile; fileRef = BEEB8CDB38CE4362B134FDC7 /* EventTarget.js */; };
		BC0E8C12E9FB41B3A7FD2D41 /* WorkerGlobalScope.swift in Sources */ = {isa = PBXBuildFile; fileRef = 95FF8766A7E849279DFE3525 /* WorkerGlobalScope.swift */; };
		C2EAFBC1D35D41BE93026DE4 /* Utilities.js in Resources */ = {isa = PBXBuildFile; fileRef = 7C4068A1BCE245EF87E4A305 /* Utilities.js */; };
		D064458EB96945628C7CC6B7 /* MessagePort.js in Resources */ = {isa = PBXBuildFile; fileRef = 08928430D963445FAF760B07 /* MessagePort.js */; };
		D08B797596E9452F8B42A5AD /* WindowTimers.swift in Sources */ = {isa = PBXBuildFile; fileRef = F0CC54FBC67640E093651633 /* WindowTimers.swift */; };
		D0CA62633AF04BE5B76EB8EE /* WCMessageAPIs.js in Resources */ = {isa = PBXBuildFile; fileRef = F6FFC3DD721A433BB4810B0C /* WCMessageAPIs.js */; };
		D2A43B057EB44ABEA2F21F75 /* EventInit.swift in Sources */ = {isa = PBXBuildFile; fileRef = 6EBC1AEAF72242949C5D9D84 /* EventInit.swift */; };
		D78C8029BF084941AA21B2DE /* MessageChannel.swift in Sources */ = {isa = PBXBuildFile; fileRef = C5FDBD9300E247FEABA980B7 /* MessageChannel.swift */; };
		DAC3FC5F79824B4994F993C6 /* Window.js in Resources */ = {isa = PBXBuildFile; fileRef = 5B141BC544454F2C9AF10851 /* Window.js */; };
		DB1FCE6677444FCFB0F90039 /* HTMLDocument.js in Resources */ = {isa = PBXBuildFile; fileRef = D7FAE7CEA3A742A69D641E4F /* HTMLDocument.js */; };
		DE8BD99DABC64D579E9C80B6 /* ErrorEvent.swift in Sources */ = {isa = PBXBuildFile; fileRef = CCF403C607F743E68057E536 /* ErrorEvent.swift */; };
		E292CCD4F24B493DBB69D834 /* MessageEvent.swift in Sources */ = {isa = PBXBuildFile; fileRef = EF9C8A3FE51542C7B52BAB0E /* MessageEvent.swift */; };
		EDF26E47C0BA4A168BC2654C /* ErrorEvent.js in Resources */ = {isa = PBXBuildFile; fileRef = 5AE65B1C8677427EBE2A5D21 /* ErrorEvent.js */; };
		F7E89C19D2D844FF93F5171C /* EventAPIs.js in Resources */ = {isa = PBXBuildFile; fileRef = BE195682C7674B0B95D731BC /* EventAPIs.js */; };
		FAAB0C3C156143D9B5A45C98 /* Keys.swift in Sources */ = {isa = PBXBuildFile; fileRef = 94318BEF071349E081BF7037 /* Keys.swift */; };
/* End PBXBuildFile section */

/* Begin PBXContainerItemProxy section */
		301BF534109A57CC0062928A /* PBXContainerItemProxy */ = {
			isa = PBXContainerItemProxy;
			containerPortal = 301BF52D109A57CC0062928A /* CordovaLib.xcodeproj */;
			proxyType = 2;
			remoteGlobalIDString = D2AAC07E0554694100DB518D;
			remoteInfo = CordovaLib;
		};
		301BF550109A68C00062928A /* PBXContainerItemProxy */ = {
			isa = PBXContainerItemProxy;
			containerPortal = 301BF52D109A57CC0062928A /* CordovaLib.xcodeproj */;
			proxyType = 1;
			remoteGlobalIDString = D2AAC07D0554694100DB518D;
			remoteInfo = CordovaLib;
		};
/* End PBXContainerItemProxy section */

/* Begin PBXFileReference section */
		01E5F39B977B4928A45053F5 /* MessageEventInit.swift */ = {isa = PBXFileReference; explicitFileType = undefined; fileEncoding = 4; includeInIndex = 0; lastKnownFileType = sourcecode.swift; name = MessageEventInit.swift; path = "com-wiztivi-cordova-plugin-smartwatchworker/MessageEventInit.swift"; sourceTree = "<group>"; };
		0207DA571B56EA530066E2B4 /* Images.xcassets */ = {isa = PBXFileReference; lastKnownFileType = folder.assetcatalog; name = Images.xcassets; path = SmartWatchWorkerExample/Images.xcassets; sourceTree = SOURCE_ROOT; };
		08928430D963445FAF760B07 /* MessagePort.js */ = {isa = PBXFileReference; explicitFileType = undefined; fileEncoding = 9; includeInIndex = 0; lastKnownFileType = unknown; path = MessagePort.js; sourceTree = "<group>"; };
		0AA3FFBF07AA4FDE976F148D /* WorkerLocation.swift */ = {isa = PBXFileReference; explicitFileType = undefined; fileEncoding = 4; includeInIndex = 0; lastKnownFileType = sourcecode.swift; name = WorkerLocation.swift; path = "com-wiztivi-cordova-plugin-smartwatchworker/WorkerLocation.swift"; sourceTree = "<group>"; };
		0ECF85C0362940FC96D27607 /* Event.js */ = {isa = PBXFileReference; explicitFileType = undefined; fileEncoding = 9; includeInIndex = 0; lastKnownFileType = unknown; path = Event.js; sourceTree = "<group>"; };
		0F2D8EA6EC1B4E2D85CC1172 /* SmartWatchWorker.swift */ = {isa = PBXFileReference; explicitFileType = undefined; fileEncoding = 4; includeInIndex = 0; lastKnownFileType = sourcecode.swift; name = SmartWatchWorker.swift; path = "com-wiztivi-cordova-plugin-smartwatchworker/SmartWatchWorker.swift"; sourceTree = "<group>"; };
		15B8C399D8FA42B286294355 /* Stack.js */ = {isa = PBXFileReference; explicitFileType = undefined; fileEncoding = 9; includeInIndex = 0; lastKnownFileType = unknown; path = Stack.js; sourceTree = "<group>"; };
		1C061399702F4160B511B373 /* WCMessageChannel.js */ = {isa = PBXFileReference; explicitFileType = undefined; fileEncoding = 9; includeInIndex = 0; lastKnownFileType = unknown; path = WCMessageChannel.js; sourceTree = "<group>"; };
		1C3EF6006FA84C2EAA3D5888 /* JSClassDelegate.swift */ = {isa = PBXFileReference; explicitFileType = undefined; fileEncoding = 4; includeInIndex = 0; lastKnownFileType = sourcecode.swift; name = JSClassDelegate.swift; path = "com-wiztivi-cordova-plugin-smartwatchworker/JSClassDelegate.swift"; sourceTree = "<group>"; };
		1D3623240D0F684500981E51 /* AppDelegate.h */ = {isa = PBXFileReference; fileEncoding = 4; lastKnownFileType = sourcecode.c.h; path = AppDelegate.h; sourceTree = "<group>"; };
		1D3623250D0F684500981E51 /* AppDelegate.m */ = {isa = PBXFileReference; fileEncoding = 4; lastKnownFileType = sourcecode.c.objc; path = AppDelegate.m; sourceTree = "<group>"; };
		1D6058910D05DD3D006BFB54 /* SmartWatchWorkerExample.app */ = {isa = PBXFileReference; explicitFileType = wrapper.application; includeInIndex = 0; path = SmartWatchWorkerExample.app; sourceTree = BUILT_PRODUCTS_DIR; };
		2749C05FD3134F5F84A48684 /* WCSharedWorker.js */ = {isa = PBXFileReference; explicitFileType = undefined; fileEncoding = 9; includeInIndex = 0; lastKnownFileType = unknown; path = WCSharedWorker.js; sourceTree = "<group>"; };
		27A2FB4C51504A8FB23CD28D /* SwiftyJSONRPC.swift */ = {isa = PBXFileReference; explicitFileType = undefined; fileEncoding = 4; includeInIndex = 0; lastKnownFileType = sourcecode.swift; name = SwiftyJSONRPC.swift; path = "com-wiztivi-cordova-plugin-smartwatchworker/SwiftyJSONRPC.swift"; sourceTree = "<group>"; };
		27F4F3ED15724FE69D06CC32 /* ScriptContextMessaging.swift */ = {isa = PBXFileReference; explicitFileType = undefined; fileEncoding = 4; includeInIndex = 0; lastKnownFileType = sourcecode.swift; name = ScriptContextMessaging.swift; path = "com-wiztivi-cordova-plugin-smartwatchworker/ScriptContextMessaging.swift"; sourceTree = "<group>"; };
		29B97316FDCFA39411CA2CEA /* main.m */ = {isa = PBXFileReference; fileEncoding = 4; lastKnownFileType = sourcecode.c.objc; path = main.m; sourceTree = "<group>"; };
		2F34746EB28A4F6F971A0412 /* EventListenerOptions.swift */ = {isa = PBXFileReference; explicitFileType = undefined; fileEncoding = 4; includeInIndex = 0; lastKnownFileType = sourcecode.swift; name = EventListenerOptions.swift; path = "com-wiztivi-cordova-plugin-smartwatchworker/EventListenerOptions.swift"; sourceTree = "<group>"; };
		2F5E3CA9669C41349F61C683 /* SwiftyJSON.swift */ = {isa = PBXFileReference; explicitFileType = undefined; fileEncoding = 4; includeInIndex = 0; lastKnownFileType = sourcecode.swift; name = SwiftyJSON.swift; path = "com-wiztivi-cordova-plugin-smartwatchworker/SwiftyJSON.swift"; sourceTree = "<group>"; };
		301BF52D109A57CC0062928A /* CordovaLib.xcodeproj */ = {isa = PBXFileReference; lastKnownFileType = "wrapper.pb-project"; name = CordovaLib.xcodeproj; path = CordovaLib/CordovaLib.xcodeproj; sourceTree = "<group>"; };
		301BF56E109A69640062928A /* www */ = {isa = PBXFileReference; lastKnownFileType = folder; path = www; sourceTree = SOURCE_ROOT; };
		302D95EE14D2391D003F00A1 /* MainViewController.h */ = {isa = PBXFileReference; fileEncoding = 4; lastKnownFileType = sourcecode.c.h; path = MainViewController.h; sourceTree = "<group>"; };
		302D95EF14D2391D003F00A1 /* MainViewController.m */ = {isa = PBXFileReference; fileEncoding = 4; lastKnownFileType = sourcecode.c.objc; path = MainViewController.m; sourceTree = "<group>"; };
		302D95F014D2391D003F00A1 /* MainViewController.xib */ = {isa = PBXFileReference; fileEncoding = 4; lastKnownFileType = file.xib; path = MainViewController.xib; sourceTree = "<group>"; };
		3031332B86864FC1B48913C2 /* ScriptContext.swift */ = {isa = PBXFileReference; explicitFileType = undefined; fileEncoding = 4; includeInIndex = 0; lastKnownFileType = sourcecode.swift; name = ScriptContext.swift; path = "com-wiztivi-cordova-plugin-smartwatchworker/ScriptContext.swift"; sourceTree = "<group>"; };
		3047A50F1AB8059700498E2A /* build-debug.xcconfig */ = {isa = PBXFileReference; fileEncoding = 4; lastKnownFileType = text.xcconfig; name = "build-debug.xcconfig"; path = "cordova/build-debug.xcconfig"; sourceTree = SOURCE_ROOT; };
		3047A5101AB8059700498E2A /* build-release.xcconfig */ = {isa = PBXFileReference; fileEncoding = 4; lastKnownFileType = text.xcconfig; name = "build-release.xcconfig"; path = "cordova/build-release.xcconfig"; sourceTree = SOURCE_ROOT; };
		3047A5111AB8059700498E2A /* build.xcconfig */ = {isa = PBXFileReference; fileEncoding = 4; lastKnownFileType = text.xcconfig; name = build.xcconfig; path = cordova/build.xcconfig; sourceTree = SOURCE_ROOT; };
		32CA4F630368D1EE00C91783 /* SmartWatchWorkerExample-Prefix.pch */ = {isa = PBXFileReference; fileEncoding = 4; lastKnownFileType = sourcecode.c.h; path = "SmartWatchWorkerExample-Prefix.pch"; sourceTree = "<group>"; };
		3A31B5A0E1404A5EB32E4E8A /* Event.swift */ = {isa = PBXFileReference; explicitFileType = undefined; fileEncoding = 4; includeInIndex = 0; lastKnownFileType = sourcecode.swift; name = Event.swift; path = "com-wiztivi-cordova-plugin-smartwatchworker/Event.swift"; sourceTree = "<group>"; };
		3CB99A41B79C43DBAED6C88E /* ScriptContextGlobal.swift */ = {isa = PBXFileReference; explicitFileType = undefined; fileEncoding = 4; includeInIndex = 0; lastKnownFileType = sourcecode.swift; name = ScriptContextGlobal.swift; path = "com-wiztivi-cordova-plugin-smartwatchworker/ScriptContextGlobal.swift"; sourceTree = "<group>"; };
		3FDE85E557B64D9E9BCB4507 /* HTMLElement.js */ = {isa = PBXFileReference; explicitFileType = undefined; fileEncoding = 9; includeInIndex = 0; lastKnownFileType = unknown; path = HTMLElement.js; sourceTree = "<group>"; };
		481F80088664476C9C338712 /* WorkerNavigator.swift */ = {isa = PBXFileReference; explicitFileType = undefined; fileEncoding = 4; includeInIndex = 0; lastKnownFileType = sourcecode.swift; name = WorkerNavigator.swift; path = "com-wiztivi-cordova-plugin-smartwatchworker/WorkerNavigator.swift"; sourceTree = "<group>"; };
		4F579CF835214EB89AA7F392 /* MessageEvent.js */ = {isa = PBXFileReference; explicitFileType = undefined; fileEncoding = 9; includeInIndex = 0; lastKnownFileType = unknown; path = MessageEvent.js; sourceTree = "<group>"; };
		501B0E5691974B44A63FEE92 /* WCMessagePort.js */ = {isa = PBXFileReference; explicitFileType = undefined; fileEncoding = 9; includeInIndex = 0; lastKnownFileType = unknown; path = WCMessagePort.js; sourceTree = "<group>"; };
		5AC3AE4203AB46689C16A601 /* JSClassDelegate.js */ = {isa = PBXFileReference; explicitFileType = undefined; fileEncoding = 9; includeInIndex = 0; lastKnownFileType = unknown; path = JSClassDelegate.js; sourceTree = "<group>"; };
		5AE65B1C8677427EBE2A5D21 /* ErrorEvent.js */ = {isa = PBXFileReference; explicitFileType = undefined; fileEncoding = 9; includeInIndex = 0; lastKnownFileType = unknown; path = ErrorEvent.js; sourceTree = "<group>"; };
		5B141BC544454F2C9AF10851 /* Window.js */ = {isa = PBXFileReference; explicitFileType = undefined; fileEncoding = 9; includeInIndex = 0; lastKnownFileType = unknown; path = Window.js; sourceTree = "<group>"; };
		5DF6C7D06FB84D76A670E815 /* Document.js */ = {isa = PBXFileReference; explicitFileType = undefined; fileEncoding = 9; includeInIndex = 0; lastKnownFileType = unknown; path = Document.js; sourceTree = "<group>"; };
		65BA0858821C4770B43E9870 /* WCMessageChannel.swift */ = {isa = PBXFileReference; explicitFileType = undefined; fileEncoding = 4; includeInIndex = 0; lastKnownFileType = sourcecode.swift; name = WCMessageChannel.swift; path = "com-wiztivi-cordova-plugin-smartwatchworker/WCMessageChannel.swift"; sourceTree = "<group>"; };
		67B09999C1F34E2FB32950C6 /* MessageAPIs.js */ = {isa = PBXFileReference; explicitFileType = undefined; fileEncoding = 9; includeInIndex = 0; lastKnownFileType = unknown; path = MessageAPIs.js; sourceTree = "<group>"; };
		698A1324B62B42748A9841B1 /* SwiftyJSONExtension.swift */ = {isa = PBXFileReference; explicitFileType = undefined; fileEncoding = 4; includeInIndex = 0; lastKnownFileType = sourcecode.swift; name = SwiftyJSONExtension.swift; path = "com-wiztivi-cordova-plugin-smartwatchworker/SwiftyJSONExtension.swift"; sourceTree = "<group>"; };
		6EBC1AEAF72242949C5D9D84 /* EventInit.swift */ = {isa = PBXFileReference; explicitFileType = undefined; fileEncoding = 4; includeInIndex = 0; lastKnownFileType = sourcecode.swift; name = EventInit.swift; path = "com-wiztivi-cordova-plugin-smartwatchworker/EventInit.swift"; sourceTree = "<group>"; };
		6EEA28C235B24130812A9AEF /* es6-promise.js */ = {isa = PBXFileReference; explicitFileType = undefined; fileEncoding = 9; includeInIndex = 0; lastKnownFileType = unknown; path = "es6-promise.js"; sourceTree = "<group>"; };
		73A09CB046644C5A93F8780B /* MessageChannel.js */ = {isa = PBXFileReference; explicitFileType = undefined; fileEncoding = 9; includeInIndex = 0; lastKnownFileType = unknown; path = MessageChannel.js; sourceTree = "<group>"; };
		7604751F89C8438D967F5C7D /* Queue.js */ = {isa = PBXFileReference; explicitFileType = undefined; fileEncoding = 9; includeInIndex = 0; lastKnownFileType = unknown; path = Queue.js; sourceTree = "<group>"; };
		7C4068A1BCE245EF87E4A305 /* Utilities.js */ = {isa = PBXFileReference; explicitFileType = undefined; fileEncoding = 9; includeInIndex = 0; lastKnownFileType = unknown; path = Utilities.js; sourceTree = "<group>"; };
		83A6A866596344E89A10007A /* Element.js */ = {isa = PBXFileReference; explicitFileType = undefined; fileEncoding = 9; includeInIndex = 0; lastKnownFileType = unknown; path = Element.js; sourceTree = "<group>"; };
		865BF44F5AC343EC9B068919 /* ScriptContextJSExport.swift */ = {isa = PBXFileReference; explicitFileType = undefined; fileEncoding = 4; includeInIndex = 0; lastKnownFileType = sourcecode.swift; name = ScriptContextJSExport.swift; path = "com-wiztivi-cordova-plugin-smartwatchworker/ScriptContextJSExport.swift"; sourceTree = "<group>"; };
		8D1107310486CEB800E47090 /* SmartWatchWorkerExample-Info.plist */ = {isa = PBXFileReference; fileEncoding = 4; lastKnownFileType = text.plist.xml; name = "SmartWatchWorkerExample-Info.plist"; path = "SmartWatchWorkerExample/SmartWatchWorkerExample-Info.plist"; plistStructureDefinitionIdentifier = "com.apple.xcode.plist.structure-definition.iphone.info-plist"; sourceTree = SOURCE_ROOT; };
		8E11EAE39025425EA58E9A16 /* Queue.swift */ = {isa = PBXFileReference; explicitFileType = undefined; fileEncoding = 4; includeInIndex = 0; lastKnownFileType = sourcecode.swift; name = Queue.swift; path = "com-wiztivi-cordova-plugin-smartwatchworker/Queue.swift"; sourceTree = "<group>"; };
		8E91F768E6D242818997E0A4 /* DOMTokenList.js */ = {isa = PBXFileReference; explicitFileType = undefined; fileEncoding = 9; includeInIndex = 0; lastKnownFileType = unknown; path = DOMTokenList.js; sourceTree = "<group>"; };
		8EDE0C52902C49B59089EF27 /* EventListener.swift */ = {isa = PBXFileReference; explicitFileType = undefined; fileEncoding = 4; includeInIndex = 0; lastKnownFileType = sourcecode.swift; name = EventListener.swift; path = "com-wiztivi-cordova-plugin-smartwatchworker/EventListener.swift"; sourceTree = "<group>"; };
		9165E5AE1C164D42B0F1BBD3 /* EventTarget.swift */ = {isa = PBXFileReference; explicitFileType = undefined; fileEncoding = 4; includeInIndex = 0; lastKnownFileType = sourcecode.swift; name = EventTarget.swift; path = "com-wiztivi-cordova-plugin-smartwatchworker/EventTarget.swift"; sourceTree = "<group>"; };
		94318BEF071349E081BF7037 /* Keys.swift */ = {isa = PBXFileReference; explicitFileType = undefined; fileEncoding = 4; includeInIndex = 0; lastKnownFileType = sourcecode.swift; name = Keys.swift; path = "com-wiztivi-cordova-plugin-smartwatchworker/Keys.swift"; sourceTree = "<group>"; };
		95FF8766A7E849279DFE3525 /* WorkerGlobalScope.swift */ = {isa = PBXFileReference; explicitFileType = undefined; fileEncoding = 4; includeInIndex = 0; lastKnownFileType = sourcecode.swift; name = WorkerGlobalScope.swift; path = "com-wiztivi-cordova-plugin-smartwatchworker/WorkerGlobalScope.swift"; sourceTree = "<group>"; };
		973FC247DD6A44FAA7D0E60C /* WorkerLocation.js */ = {isa = PBXFileReference; explicitFileType = undefined; fileEncoding = 9; includeInIndex = 0; lastKnownFileType = unknown; path = WorkerLocation.js; sourceTree = "<group>"; };
		980CFD35A5404371821E78D4 /* AbstractWorker.swift */ = {isa = PBXFileReference; explicitFileType = undefined; fileEncoding = 4; includeInIndex = 0; lastKnownFileType = sourcecode.swift; name = AbstractWorker.swift; path = "com-wiztivi-cordova-plugin-smartwatchworker/AbstractWorker.swift"; sourceTree = "<group>"; };
		9E83BCB029084045AC347475 /* InsideWatchWorker.js */ = {isa = PBXFileReference; explicitFileType = undefined; fileEncoding = 9; includeInIndex = 0; lastKnownFileType = unknown; path = InsideWatchWorker.js; sourceTree = "<group>"; };
		A1F710058A684D469AA84BFE /* SharedWorker.js */ = {isa = PBXFileReference; explicitFileType = undefined; fileEncoding = 9; includeInIndex = 0; lastKnownFileType = unknown; path = SharedWorker.js; sourceTree = "<group>"; };
		A55349C8D4D3442ABF27A8EA /* WorkerAPIs.js */ = {isa = PBXFileReference; explicitFileType = undefined; fileEncoding = 9; includeInIndex = 0; lastKnownFileType = unknown; path = WorkerAPIs.js; sourceTree = "<group>"; };
		AD8ABC4AFEC14A35B7AF5778 /* WCSharedWorker.swift */ = {isa = PBXFileReference; explicitFileType = undefined; fileEncoding = 4; includeInIndex = 0; lastKnownFileType = sourcecode.swift; name = WCSharedWorker.swift; path = "com-wiztivi-cordova-plugin-smartwatchworker/WCSharedWorker.swift"; sourceTree = "<group>"; };
		ADE5E8F24562454DA4DAA78E /* WorkerOptions.swift */ = {isa = PBXFileReference; explicitFileType = undefined; fileEncoding = 4; includeInIndex = 0; lastKnownFileType = sourcecode.swift; name = WorkerOptions.swift; path = "com-wiztivi-cordova-plugin-smartwatchworker/WorkerOptions.swift"; sourceTree = "<group>"; };
		B14B99DBD9E549968E1A1D47 /* OutsideWatchWorker.js */ = {isa = PBXFileReference; explicitFileType = undefined; fileEncoding = 9; includeInIndex = 0; lastKnownFileType = unknown; path = OutsideWatchWorker.js; sourceTree = "<group>"; };
		B28779A4BC5B4C1398900297 /* MessagePort.swift */ = {isa = PBXFileReference; explicitFileType = undefined; fileEncoding = 4; includeInIndex = 0; lastKnownFileType = sourcecode.swift; name = MessagePort.swift; path = "com-wiztivi-cordova-plugin-smartwatchworker/MessagePort.swift"; sourceTree = "<group>"; };
		B4B08B47ED2A400F8DF71DB7 /* Polyfills.js */ = {isa = PBXFileReference; explicitFileType = undefined; fileEncoding = 9; includeInIndex = 0; lastKnownFileType = unknown; path = Polyfills.js; sourceTree = "<group>"; };
		B4DBFDC881DD4DF08BA657CF /* ErrorEventInit.swift */ = {isa = PBXFileReference; explicitFileType = undefined; fileEncoding = 4; includeInIndex = 0; lastKnownFileType = sourcecode.swift; name = ErrorEventInit.swift; path = "com-wiztivi-cordova-plugin-smartwatchworker/ErrorEventInit.swift"; sourceTree = "<group>"; };
		B6389C130FCF4A92AB5A3745 /* DOMAPIs.js */ = {isa = PBXFileReference; explicitFileType = undefined; fileEncoding = 9; includeInIndex = 0; lastKnownFileType = unknown; path = DOMAPIs.js; sourceTree = "<group>"; };
		BDDF2515D73743C9881A3D0E /* XMLHttpRequest.js */ = {isa = PBXFileReference; explicitFileType = undefined; fileEncoding = 9; includeInIndex = 0; lastKnownFileType = unknown; path = XMLHttpRequest.js; sourceTree = "<group>"; };
		BE195682C7674B0B95D731BC /* EventAPIs.js */ = {isa = PBXFileReference; explicitFileType = undefined; fileEncoding = 9; includeInIndex = 0; lastKnownFileType = unknown; path = EventAPIs.js; sourceTree = "<group>"; };
		BEEB8CDB38CE4362B134FDC7 /* EventTarget.js */ = {isa = PBXFileReference; explicitFileType = undefined; fileEncoding = 9; includeInIndex = 0; lastKnownFileType = unknown; path = EventTarget.js; sourceTree = "<group>"; };
		C29B99C38390467580248E06 /* SharedWorker.swift */ = {isa = PBXFileReference; explicitFileType = undefined; fileEncoding = 4; includeInIndex = 0; lastKnownFileType = sourcecode.swift; name = SharedWorker.swift; path = "com-wiztivi-cordova-plugin-smartwatchworker/SharedWorker.swift"; sourceTree = "<group>"; };
		C5FDBD9300E247FEABA980B7 /* MessageChannel.swift */ = {isa = PBXFileReference; explicitFileType = undefined; fileEncoding = 4; includeInIndex = 0; lastKnownFileType = sourcecode.swift; name = MessageChannel.swift; path = "com-wiztivi-cordova-plugin-smartwatchworker/MessageChannel.swift"; sourceTree = "<group>"; };
		CCF403C607F743E68057E536 /* ErrorEvent.swift */ = {isa = PBXFileReference; explicitFileType = undefined; fileEncoding = 4; includeInIndex = 0; lastKnownFileType = sourcecode.swift; name = ErrorEvent.swift; path = "com-wiztivi-cordova-plugin-smartwatchworker/ErrorEvent.swift"; sourceTree = "<group>"; };
		D4D4178885E9472E90449E38 /* Stack.swift */ = {isa = PBXFileReference; explicitFileType = undefined; fileEncoding = 4; includeInIndex = 0; lastKnownFileType = sourcecode.swift; name = Stack.swift; path = "com-wiztivi-cordova-plugin-smartwatchworker/Stack.swift"; sourceTree = "<group>"; };
		D7FAE7CEA3A742A69D641E4F /* HTMLDocument.js */ = {isa = PBXFileReference; explicitFileType = undefined; fileEncoding = 9; includeInIndex = 0; lastKnownFileType = unknown; path = HTMLDocument.js; sourceTree = "<group>"; };
		DA484AEC425E4C8D9119E6AB /* WorkerNavigator.js */ = {isa = PBXFileReference; explicitFileType = undefined; fileEncoding = 9; includeInIndex = 0; lastKnownFileType = unknown; path = WorkerNavigator.js; sourceTree = "<group>"; };
		DBF87AA894254BFB90E8438B /* WCMessagePort.swift */ = {isa = PBXFileReference; explicitFileType = undefined; fileEncoding = 4; includeInIndex = 0; lastKnownFileType = sourcecode.swift; name = WCMessagePort.swift; path = "com-wiztivi-cordova-plugin-smartwatchworker/WCMessagePort.swift"; sourceTree = "<group>"; };
		E8AA325D0BFA4F798E520436 /* OtherPolyfills.js */ = {isa = PBXFileReference; explicitFileType = undefined; fileEncoding = 9; includeInIndex = 0; lastKnownFileType = unknown; path = OtherPolyfills.js; sourceTree = "<group>"; };
		EB87FDF31871DA8E0020F90C /* www */ = {isa = PBXFileReference; lastKnownFileType = folder; name = www; path = ../../www; sourceTree = "<group>"; };
		EB87FDF41871DAF40020F90C /* config.xml */ = {isa = PBXFileReference; lastKnownFileType = text.xml; name = config.xml; path = ../../config.xml; sourceTree = "<group>"; };
		ED33DF2A687741AEAF9F8254 /* Bridging-Header.h */ = {isa = PBXFileReference; fileEncoding = 4; lastKnownFileType = sourcecode.c.h; path = "Bridging-Header.h"; sourceTree = "<group>"; };
		EF9C8A3FE51542C7B52BAB0E /* MessageEvent.swift */ = {isa = PBXFileReference; explicitFileType = undefined; fileEncoding = 4; includeInIndex = 0; lastKnownFileType = sourcecode.swift; name = MessageEvent.swift; path = "com-wiztivi-cordova-plugin-smartwatchworker/MessageEvent.swift"; sourceTree = "<group>"; };
		F0CC54FBC67640E093651633 /* WindowTimers.swift */ = {isa = PBXFileReference; explicitFileType = undefined; fileEncoding = 4; includeInIndex = 0; lastKnownFileType = sourcecode.swift; name = WindowTimers.swift; path = "com-wiztivi-cordova-plugin-smartwatchworker/WindowTimers.swift"; sourceTree = "<group>"; };
		F6FFC3DD721A433BB4810B0C /* WCMessageAPIs.js */ = {isa = PBXFileReference; explicitFileType = undefined; fileEncoding = 9; includeInIndex = 0; lastKnownFileType = unknown; path = WCMessageAPIs.js; sourceTree = "<group>"; };
		F840E1F0165FE0F500CFE078 /* config.xml */ = {isa = PBXFileReference; lastKnownFileType = text.xml; name = config.xml; path = SmartWatchWorkerExample/config.xml; sourceTree = "<group>"; };
/* End PBXFileReference section */

/* Begin PBXFrameworksBuildPhase section */
		1D60588F0D05DD3D006BFB54 /* Frameworks */ = {
			isa = PBXFrameworksBuildPhase;
			buildActionMask = 2147483647;
			files = (
				301BF552109A68D80062928A /* libCordova.a in Frameworks */,
			);
			runOnlyForDeploymentPostprocessing = 0;
		};
/* End PBXFrameworksBuildPhase section */

/* Begin PBXGroup section */
		080E96DDFE201D6D7F000001 /* Classes */ = {
			isa = PBXGroup;
			children = (
				302D95EE14D2391D003F00A1 /* MainViewController.h */,
				302D95EF14D2391D003F00A1 /* MainViewController.m */,
				302D95F014D2391D003F00A1 /* MainViewController.xib */,
				1D3623240D0F684500981E51 /* AppDelegate.h */,
				1D3623250D0F684500981E51 /* AppDelegate.m */,
			);
			name = Classes;
			path = SmartWatchWorkerExample/Classes;
			sourceTree = SOURCE_ROOT;
		};
		19C28FACFE9D520D11CA2CBB /* Products */ = {
			isa = PBXGroup;
			children = (
				1D6058910D05DD3D006BFB54 /* SmartWatchWorkerExample.app */,
			);
			name = Products;
			sourceTree = "<group>";
		};
		29B97314FDCFA39411CA2CEA /* CustomTemplate */ = {
			isa = PBXGroup;
			children = (
				EB87FDF41871DAF40020F90C /* config.xml */,
				EB87FDF31871DA8E0020F90C /* www */,
				EB87FDF11871DA420020F90C /* Staging */,
				301BF52D109A57CC0062928A /* CordovaLib.xcodeproj */,
				080E96DDFE201D6D7F000001 /* Classes */,
				307C750510C5A3420062BCA9 /* Plugins */,
				29B97315FDCFA39411CA2CEA /* Other Sources */,
				29B97317FDCFA39411CA2CEA /* Resources */,
				29B97323FDCFA39411CA2CEA /* Frameworks */,
				19C28FACFE9D520D11CA2CBB /* Products */,
			);
			name = CustomTemplate;
			sourceTree = "<group>";
		};
		29B97315FDCFA39411CA2CEA /* Other Sources */ = {
			isa = PBXGroup;
			children = (
				32CA4F630368D1EE00C91783 /* SmartWatchWorkerExample-Prefix.pch */,
				29B97316FDCFA39411CA2CEA /* main.m */,
				ED33DF2A687741AEAF9F8254 /* Bridging-Header.h */,
			);
			name = "Other Sources";
			path = SmartWatchWorkerExample;
			sourceTree = "<group>";
		};
		29B97317FDCFA39411CA2CEA /* Resources */ = {
			isa = PBXGroup;
			children = (
				0207DA571B56EA530066E2B4 /* Images.xcassets */,
				3047A50E1AB8057F00498E2A /* config */,
				8D1107310486CEB800E47090 /* SmartWatchWorkerExample-Info.plist */,
				5DF6C7D06FB84D76A670E815 /* Document.js */,
				B6389C130FCF4A92AB5A3745 /* DOMAPIs.js */,
				8E91F768E6D242818997E0A4 /* DOMTokenList.js */,
				83A6A866596344E89A10007A /* Element.js */,
				D7FAE7CEA3A742A69D641E4F /* HTMLDocument.js */,
				3FDE85E557B64D9E9BCB4507 /* HTMLElement.js */,
				5B141BC544454F2C9AF10851 /* Window.js */,
				5AE65B1C8677427EBE2A5D21 /* ErrorEvent.js */,
				0ECF85C0362940FC96D27607 /* Event.js */,
				BE195682C7674B0B95D731BC /* EventAPIs.js */,
				BEEB8CDB38CE4362B134FDC7 /* EventTarget.js */,
				4F579CF835214EB89AA7F392 /* MessageEvent.js */,
				67B09999C1F34E2FB32950C6 /* MessageAPIs.js */,
				73A09CB046644C5A93F8780B /* MessageChannel.js */,
				08928430D963445FAF760B07 /* MessagePort.js */,
				6EEA28C235B24130812A9AEF /* es6-promise.js */,
				E8AA325D0BFA4F798E520436 /* OtherPolyfills.js */,
				BDDF2515D73743C9881A3D0E /* XMLHttpRequest.js */,
				F6FFC3DD721A433BB4810B0C /* WCMessageAPIs.js */,
				1C061399702F4160B511B373 /* WCMessageChannel.js */,
				501B0E5691974B44A63FEE92 /* WCMessagePort.js */,
				A1F710058A684D469AA84BFE /* SharedWorker.js */,
				2749C05FD3134F5F84A48684 /* WCSharedWorker.js */,
				A55349C8D4D3442ABF27A8EA /* WorkerAPIs.js */,
				973FC247DD6A44FAA7D0E60C /* WorkerLocation.js */,
				DA484AEC425E4C8D9119E6AB /* WorkerNavigator.js */,
				B4B08B47ED2A400F8DF71DB7 /* Polyfills.js */,
				9E83BCB029084045AC347475 /* InsideWatchWorker.js */,
				B14B99DBD9E549968E1A1D47 /* OutsideWatchWorker.js */,
				7604751F89C8438D967F5C7D /* Queue.js */,
				15B8C399D8FA42B286294355 /* Stack.js */,
				7C4068A1BCE245EF87E4A305 /* Utilities.js */,
				5AC3AE4203AB46689C16A601 /* JSClassDelegate.js */,
			);
			name = Resources;
			path = SmartWatchWorkerExample/Resources;
			sourceTree = "<group>";
		};
		29B97323FDCFA39411CA2CEA /* Frameworks */ = {
			isa = PBXGroup;
			children = (
			);
			name = Frameworks;
			sourceTree = "<group>";
		};
		301BF52E109A57CC0062928A /* Products */ = {
			isa = PBXGroup;
			children = (
				301BF535109A57CC0062928A /* libCordova.a */,
			);
			name = Products;
			sourceTree = "<group>";
		};
		3047A50E1AB8057F00498E2A /* config */ = {
			isa = PBXGroup;
			children = (
				3047A50F1AB8059700498E2A /* build-debug.xcconfig */,
				3047A5101AB8059700498E2A /* build-release.xcconfig */,
				3047A5111AB8059700498E2A /* build.xcconfig */,
			);
			name = config;
			sourceTree = "<group>";
		};
		307C750510C5A3420062BCA9 /* Plugins */ = {
			isa = PBXGroup;
			children = (
				3031332B86864FC1B48913C2 /* ScriptContext.swift */,
				3CB99A41B79C43DBAED6C88E /* ScriptContextGlobal.swift */,
				865BF44F5AC343EC9B068919 /* ScriptContextJSExport.swift */,
				27F4F3ED15724FE69D06CC32 /* ScriptContextMessaging.swift */,
				CCF403C607F743E68057E536 /* ErrorEvent.swift */,
				B4DBFDC881DD4DF08BA657CF /* ErrorEventInit.swift */,
				3A31B5A0E1404A5EB32E4E8A /* Event.swift */,
				6EBC1AEAF72242949C5D9D84 /* EventInit.swift */,
				8EDE0C52902C49B59089EF27 /* EventListener.swift */,
				2F34746EB28A4F6F971A0412 /* EventListenerOptions.swift */,
				9165E5AE1C164D42B0F1BBD3 /* EventTarget.swift */,
				EF9C8A3FE51542C7B52BAB0E /* MessageEvent.swift */,
				01E5F39B977B4928A45053F5 /* MessageEventInit.swift */,
				C5FDBD9300E247FEABA980B7 /* MessageChannel.swift */,
				B28779A4BC5B4C1398900297 /* MessagePort.swift */,
				65BA0858821C4770B43E9870 /* WCMessageChannel.swift */,
				DBF87AA894254BFB90E8438B /* WCMessagePort.swift */,
				980CFD35A5404371821E78D4 /* AbstractWorker.swift */,
				C29B99C38390467580248E06 /* SharedWorker.swift */,
				AD8ABC4AFEC14A35B7AF5778 /* WCSharedWorker.swift */,
				95FF8766A7E849279DFE3525 /* WorkerGlobalScope.swift */,
				0AA3FFBF07AA4FDE976F148D /* WorkerLocation.swift */,
				481F80088664476C9C338712 /* WorkerNavigator.swift */,
				ADE5E8F24562454DA4DAA78E /* WorkerOptions.swift */,
				F0CC54FBC67640E093651633 /* WindowTimers.swift */,
				94318BEF071349E081BF7037 /* Keys.swift */,
				8E11EAE39025425EA58E9A16 /* Queue.swift */,
				D4D4178885E9472E90449E38 /* Stack.swift */,
				2F5E3CA9669C41349F61C683 /* SwiftyJSON.swift */,
				698A1324B62B42748A9841B1 /* SwiftyJSONExtension.swift */,
				27A2FB4C51504A8FB23CD28D /* SwiftyJSONRPC.swift */,
				1C3EF6006FA84C2EAA3D5888 /* JSClassDelegate.swift */,
				0F2D8EA6EC1B4E2D85CC1172 /* SmartWatchWorker.swift */,
			);
			name = Plugins;
			path = SmartWatchWorkerExample/Plugins;
			sourceTree = SOURCE_ROOT;
		};
		EB87FDF11871DA420020F90C /* Staging */ = {
			isa = PBXGroup;
			children = (
				F840E1F0165FE0F500CFE078 /* config.xml */,
				301BF56E109A69640062928A /* www */,
			);
			name = Staging;
			sourceTree = "<group>";
		};
/* End PBXGroup section */

/* Begin PBXNativeTarget section */
		1D6058900D05DD3D006BFB54 /* SmartWatchWorkerExample */ = {
			isa = PBXNativeTarget;
			buildConfigurationList = 1D6058960D05DD3E006BFB54 /* Build configuration list for PBXNativeTarget "SmartWatchWorkerExample" */;
			buildPhases = (
				304B58A110DAC018002A0835 /* Copy www directory */,
				1D60588D0D05DD3D006BFB54 /* Resources */,
				1D60588E0D05DD3D006BFB54 /* Sources */,
				1D60588F0D05DD3D006BFB54 /* Frameworks */,
			);
			buildRules = (
			);
			dependencies = (
				301BF551109A68C00062928A /* PBXTargetDependency */,
			);
			name = SmartWatchWorkerExample;
			productName = SmartWatchWorkerExample;
			productReference = 1D6058910D05DD3D006BFB54 /* SmartWatchWorkerExample.app */;
			productType = "com.apple.product-type.application";
		};
/* End PBXNativeTarget section */

/* Begin PBXProject section */
		29B97313FDCFA39411CA2CEA /* Project object */ = {
			isa = PBXProject;
			attributes = {
				LastSwiftUpdateCheck = 730;
				LastUpgradeCheck = 510;
			};
			buildConfigurationList = C01FCF4E08A954540054247B /* Build configuration list for PBXProject "SmartWatchWorkerExample" */;
			compatibilityVersion = "Xcode 3.2";
			developmentRegion = English;
			hasScannedForEncodings = 1;
			knownRegions = (
				en,
			);
			mainGroup = 29B97314FDCFA39411CA2CEA /* CustomTemplate */;
			projectDirPath = "";
			projectReferences = (
				{
					ProductGroup = 301BF52E109A57CC0062928A /* Products */;
					ProjectRef = 301BF52D109A57CC0062928A /* CordovaLib.xcodeproj */;
				},
			);
			projectRoot = "";
			targets = (
				1D6058900D05DD3D006BFB54 /* SmartWatchWorkerExample */,
			);
		};
/* End PBXProject section */

/* Begin PBXReferenceProxy section */
		301BF535109A57CC0062928A /* libCordova.a */ = {
			isa = PBXReferenceProxy;
			fileType = archive.ar;
			path = libCordova.a;
			remoteRef = 301BF534109A57CC0062928A /* PBXContainerItemProxy */;
			sourceTree = BUILT_PRODUCTS_DIR;
		};
/* End PBXReferenceProxy section */

/* Begin PBXResourcesBuildPhase section */
		1D60588D0D05DD3D006BFB54 /* Resources */ = {
			isa = PBXResourcesBuildPhase;
			buildActionMask = 2147483647;
			files = (
				302D95F214D2391D003F00A1 /* MainViewController.xib in Resources */,
				3047A5131AB8059700498E2A /* build-release.xcconfig in Resources */,
				3047A5141AB8059700498E2A /* build.xcconfig in Resources */,
				0207DA581B56EA530066E2B4 /* Images.xcassets in Resources */,
				3047A5121AB8059700498E2A /* build-debug.xcconfig in Resources */,
				9B8A26C990244DBAA21F7C83 /* Document.js in Resources */,
				48004839E44042D5BD22C531 /* DOMAPIs.js in Resources */,
				5C7C4D19F4E34A5EB78113C8 /* DOMTokenList.js in Resources */,
				40E821FB1BF14ADE89421032 /* Element.js in Resources */,
				DB1FCE6677444FCFB0F90039 /* HTMLDocument.js in Resources */,
				A3DBFC6194644A5A820B7021 /* HTMLElement.js in Resources */,
				DAC3FC5F79824B4994F993C6 /* Window.js in Resources */,
				EDF26E47C0BA4A168BC2654C /* ErrorEvent.js in Resources */,
				5935EE704A384A17A98E208C /* Event.js in Resources */,
				F7E89C19D2D844FF93F5171C /* EventAPIs.js in Resources */,
				B6B15711873C4528ACDD942C /* EventTarget.js in Resources */,
				617C864084C747CE9B7348A3 /* MessageEvent.js in Resources */,
				6B6897D8E1564A7C8061B1FF /* MessageAPIs.js in Resources */,
				116ED12B0901442B97923246 /* MessageChannel.js in Resources */,
				D064458EB96945628C7CC6B7 /* MessagePort.js in Resources */,
				83CA246357CA4CE896F7D763 /* es6-promise.js in Resources */,
				AC11EFBF0BB1422F8957C118 /* OtherPolyfills.js in Resources */,
				24A1712769614096B0F37E98 /* XMLHttpRequest.js in Resources */,
				D0CA62633AF04BE5B76EB8EE /* WCMessageAPIs.js in Resources */,
				AEA60D177EA740E0BFC6D7B6 /* WCMessageChannel.js in Resources */,
				460D847445B143F09E998D07 /* WCMessagePort.js in Resources */,
				53310FA8D80A4E1FB5DDA575 /* SharedWorker.js in Resources */,
				511AC57D12364A0EA0CEBBB8 /* WCSharedWorker.js in Resources */,
				8C3EB80BDF644CA685170F91 /* WorkerAPIs.js in Resources */,
				1DC6988A2AB440EEBEB2EB1A /* WorkerLocation.js in Resources */,
				25D8C48B678B4FABBCE34551 /* WorkerNavigator.js in Resources */,
				3D115301F47E48A88A700E22 /* Polyfills.js in Resources */,
				248BD9A2E020443ABDF68D62 /* InsideWatchWorker.js in Resources */,
				91B4E6C1410E412ABEFD4B02 /* OutsideWatchWorker.js in Resources */,
				169C44CD6287430F993BC530 /* Queue.js in Resources */,
				AF65C2AD3BB147B88420AA88 /* Stack.js in Resources */,
				C2EAFBC1D35D41BE93026DE4 /* Utilities.js in Resources */,
				70A2B8CEBBDE4DB592AEF497 /* JSClassDelegate.js in Resources */,
			);
			runOnlyForDeploymentPostprocessing = 0;
		};
/* End PBXResourcesBuildPhase section */

/* Begin PBXShellScriptBuildPhase section */
		304B58A110DAC018002A0835 /* Copy www directory */ = {
			isa = PBXShellScriptBuildPhase;
			buildActionMask = 2147483647;
			files = (
			);
			inputPaths = (
			);
			name = "Copy www directory";
			outputPaths = (
			);
			runOnlyForDeploymentPostprocessing = 0;
			shellPath = /bin/sh;
			shellScript = "NODEJS_PATH=/usr/local/bin; NVM_NODE_PATH=~/.nvm/versions/node/`nvm version 2>/dev/null`/bin; N_NODE_PATH=`find /usr/local/n/versions/node/* -maxdepth 0 -type d 2>/dev/null | tail -1`/bin; XCODE_NODE_PATH=`xcode-select --print-path`/usr/share/xcs/Node/bin; PATH=$NODEJS_PATH:$NVM_NODE_PATH:$N_NODE_PATH:$XCODE_NODE_PATH:$PATH && node cordova/lib/copy-www-build-step.js";
			showEnvVarsInLog = 0;
		};
/* End PBXShellScriptBuildPhase section */

/* Begin PBXSourcesBuildPhase section */
		1D60588E0D05DD3D006BFB54 /* Sources */ = {
			isa = PBXSourcesBuildPhase;
			buildActionMask = 2147483647;
			files = (
				1D60589B0D05DD56006BFB54 /* main.m in Sources */,
				1D3623260D0F684500981E51 /* AppDelegate.m in Sources */,
				302D95F114D2391D003F00A1 /* MainViewController.m in Sources */,
				8716D2C4233441A1BC9E2501 /* ScriptContext.swift in Sources */,
				167F6D6A511C4A8A94BCB3C2 /* ScriptContextGlobal.swift in Sources */,
				5B7095C6DF414FF6BA722000 /* ScriptContextJSExport.swift in Sources */,
				88FC81DEC4E84389B9B32DD4 /* ScriptContextMessaging.swift in Sources */,
				DE8BD99DABC64D579E9C80B6 /* ErrorEvent.swift in Sources */,
				AB193C8B5E444D2B8283C13F /* ErrorEventInit.swift in Sources */,
				1AAB41C59E2142088175891A /* Event.swift in Sources */,
				D2A43B057EB44ABEA2F21F75 /* EventInit.swift in Sources */,
				134B019F320845A8B2D7F9A7 /* EventListener.swift in Sources */,
				5C5DC4FA95034AA896195702 /* EventListenerOptions.swift in Sources */,
				993439194FBB47D390BD8948 /* EventTarget.swift in Sources */,
				E292CCD4F24B493DBB69D834 /* MessageEvent.swift in Sources */,
				1D0ABC9169A543C9917D9C0D /* MessageEventInit.swift in Sources */,
				D78C8029BF084941AA21B2DE /* MessageChannel.swift in Sources */,
				436DC6A0BCDA4391BD43325D /* MessagePort.swift in Sources */,
				A7AAFA4C248D4588BC1C0C78 /* WCMessageChannel.swift in Sources */,
				0C6EFB83C23E4DC79EA266C0 /* WCMessagePort.swift in Sources */,
				8B5DA222951F4591AF072D41 /* AbstractWorker.swift in Sources */,
				7FA512ED2F674857A9540B0C /* SharedWorker.swift in Sources */,
				B0C3D9A69671481096F9B95F /* WCSharedWorker.swift in Sources */,
				BC0E8C12E9FB41B3A7FD2D41 /* WorkerGlobalScope.swift in Sources */,
				02025364D1964920AD24435D /* WorkerLocation.swift in Sources */,
				3C5F66E063FC44468BC05B46 /* WorkerNavigator.swift in Sources */,
				8BE52F9ACB624A7AAE08B053 /* WorkerOptions.swift in Sources */,
				D08B797596E9452F8B42A5AD /* WindowTimers.swift in Sources */,
				FAAB0C3C156143D9B5A45C98 /* Keys.swift in Sources */,
				2B51DBE644BA4933BCB372EC /* Queue.swift in Sources */,
				3A08BCDE772B4E1F82127344 /* Stack.swift in Sources */,
				0BCC67CFB5234457B7F93480 /* SwiftyJSON.swift in Sources */,
				2FDB8A8769654FC8BA17650F /* SwiftyJSONExtension.swift in Sources */,
				3E397255EF0F47128B990B12 /* SwiftyJSONRPC.swift in Sources */,
				7C67E441331C4BC49EE9832A /* JSClassDelegate.swift in Sources */,
				0ECCFBA06E154E6AB8C0560F /* SmartWatchWorker.swift in Sources */,
			);
			runOnlyForDeploymentPostprocessing = 0;
		};
/* End PBXSourcesBuildPhase section */

/* Begin PBXTargetDependency section */
		301BF551109A68C00062928A /* PBXTargetDependency */ = {
			isa = PBXTargetDependency;
			name = CordovaLib;
			targetProxy = 301BF550109A68C00062928A /* PBXContainerItemProxy */;
		};
/* End PBXTargetDependency section */

/* Begin XCBuildConfiguration section */
		1D6058940D05DD3E006BFB54 /* Debug */ = {
			isa = XCBuildConfiguration;
			baseConfigurationReference = 3047A50F1AB8059700498E2A /* build-debug.xcconfig */;
			buildSettings = {
				ALWAYS_SEARCH_USER_PATHS = NO;
				ASSETCATALOG_COMPILER_APPICON_NAME = AppIcon;
				ASSETCATALOG_COMPILER_LAUNCHIMAGE_NAME = LaunchImage;
				CLANG_ENABLE_MODULES = YES;
				CLANG_ENABLE_OBJC_ARC = YES;
				COPY_PHASE_STRIP = NO;
				EMBEDDED_CONTENT_CONTAINS_SWIFT = YES;
				GCC_DYNAMIC_NO_PIC = NO;
				GCC_OPTIMIZATION_LEVEL = 0;
				GCC_PRECOMPILE_PREFIX_HEADER = YES;
				GCC_PREFIX_HEADER = "SmartWatchWorkerExample/SmartWatchWorkerExample-Prefix.pch";
				GCC_THUMB_SUPPORT = NO;
				GCC_VERSION = "";
				INFOPLIST_FILE = "SmartWatchWorkerExample/SmartWatchWorkerExample-Info.plist";
				IPHONEOS_DEPLOYMENT_TARGET = 9.3;
				LD_RUNPATH_SEARCH_PATHS = "@executable_path/Frameworks";
				PRODUCT_NAME = SmartWatchWorkerExample;
				SWIFT_OBJC_BRIDGING_HEADER = "$(PROJECT_DIR)/$(PROJECT_NAME)/Bridging-Header.h";
			};
			name = Debug;
		};
		1D6058950D05DD3E006BFB54 /* Release */ = {
			isa = XCBuildConfiguration;
			baseConfigurationReference = 3047A5101AB8059700498E2A /* build-release.xcconfig */;
			buildSettings = {
				ALWAYS_SEARCH_USER_PATHS = NO;
				ASSETCATALOG_COMPILER_APPICON_NAME = AppIcon;
				ASSETCATALOG_COMPILER_LAUNCHIMAGE_NAME = LaunchImage;
				CLANG_ENABLE_MODULES = YES;
				CLANG_ENABLE_OBJC_ARC = YES;
				COPY_PHASE_STRIP = YES;
				EMBEDDED_CONTENT_CONTAINS_SWIFT = YES;
				GCC_PRECOMPILE_PREFIX_HEADER = YES;
				GCC_PREFIX_HEADER = "SmartWatchWorkerExample/SmartWatchWorkerExample-Prefix.pch";
				GCC_THUMB_SUPPORT = NO;
				GCC_VERSION = "";
				INFOPLIST_FILE = "SmartWatchWorkerExample/SmartWatchWorkerExample-Info.plist";
				IPHONEOS_DEPLOYMENT_TARGET = 9.3;
				PRODUCT_NAME = SmartWatchWorkerExample;
				SWIFT_OBJC_BRIDGING_HEADER = "$(PROJECT_DIR)/$(PROJECT_NAME)/Bridging-Header.h";
			};
			name = Release;
		};
		C01FCF4F08A954540054247B /* Debug */ = {
			isa = XCBuildConfiguration;
			baseConfigurationReference = 3047A5111AB8059700498E2A /* build.xcconfig */;
			buildSettings = {
				CLANG_ENABLE_MODULES = YES;
				CLANG_ENABLE_OBJC_ARC = YES;
				CLANG_WARN_BOOL_CONVERSION = YES;
				CLANG_WARN_CONSTANT_CONVERSION = YES;
				CLANG_WARN_EMPTY_BODY = YES;
				CLANG_WARN_ENUM_CONVERSION = YES;
				CLANG_WARN_INT_CONVERSION = YES;
				CLANG_WARN__DUPLICATE_METHOD_MATCH = YES;
				EMBEDDED_CONTENT_CONTAINS_SWIFT = YES;
				GCC_C_LANGUAGE_STANDARD = c99;
				GCC_THUMB_SUPPORT = NO;
				GCC_VERSION = "";
				GCC_WARN_ABOUT_RETURN_TYPE = YES;
				GCC_WARN_UNDECLARED_SELECTOR = YES;
				GCC_WARN_UNINITIALIZED_AUTOS = YES;
				GCC_WARN_UNUSED_FUNCTION = YES;
				GCC_WARN_UNUSED_VARIABLE = YES;
				IPHONEOS_DEPLOYMENT_TARGET = 9.3;
				ONLY_ACTIVE_ARCH = YES;
				SDKROOT = iphoneos;
				SKIP_INSTALL = NO;
				SWIFT_OBJC_BRIDGING_HEADER = "$(PROJECT_DIR)/$(PROJECT_NAME)/Bridging-Header.h";
			};
			name = Debug;
		};
		C01FCF5008A954540054247B /* Release */ = {
			isa = XCBuildConfiguration;
			baseConfigurationReference = 3047A5111AB8059700498E2A /* build.xcconfig */;
			buildSettings = {
				CLANG_ENABLE_MODULES = YES;
				CLANG_ENABLE_OBJC_ARC = YES;
				CLANG_WARN_BOOL_CONVERSION = YES;
				CLANG_WARN_CONSTANT_CONVERSION = YES;
				CLANG_WARN_EMPTY_BODY = YES;
				CLANG_WARN_ENUM_CONVERSION = YES;
				CLANG_WARN_INT_CONVERSION = YES;
				CLANG_WARN__DUPLICATE_METHOD_MATCH = YES;
				EMBEDDED_CONTENT_CONTAINS_SWIFT = YES;
				GCC_C_LANGUAGE_STANDARD = c99;
				GCC_THUMB_SUPPORT = NO;
				GCC_VERSION = "";
				GCC_WARN_ABOUT_RETURN_TYPE = YES;
				GCC_WARN_UNDECLARED_SELECTOR = YES;
				GCC_WARN_UNINITIALIZED_AUTOS = YES;
				GCC_WARN_UNUSED_FUNCTION = YES;
				GCC_WARN_UNUSED_VARIABLE = YES;
				IPHONEOS_DEPLOYMENT_TARGET = 9.3;
				SDKROOT = iphoneos;
				SKIP_INSTALL = NO;
				SWIFT_OBJC_BRIDGING_HEADER = "$(PROJECT_DIR)/$(PROJECT_NAME)/Bridging-Header.h";
			};
			name = Release;
		};
/* End XCBuildConfiguration section */

/* Begin XCConfigurationList section */
		1D6058960D05DD3E006BFB54 /* Build configuration list for PBXNativeTarget "SmartWatchWorkerExample" */ = {
			isa = XCConfigurationList;
			buildConfigurations = (
				1D6058940D05DD3E006BFB54 /* Debug */,
				1D6058950D05DD3E006BFB54 /* Release */,
			);
			defaultConfigurationIsVisible = 0;
			defaultConfigurationName = Release;
		};
		C01FCF4E08A954540054247B /* Build configuration list for PBXProject "SmartWatchWorkerExample" */ = {
			isa = XCConfigurationList;
			buildConfigurations = (
				C01FCF4F08A954540054247B /* Debug */,
				C01FCF5008A954540054247B /* Release */,
			);
			defaultConfigurationIsVisible = 0;
			defaultConfigurationName = Release;
		};
/* End XCConfigurationList section */
	};
	rootObject = 29B97313FDCFA39411CA2CEA /* Project object */;
}
